
Microsoft Visual Studio Solution File, Format Version 11.00
# Visual Studio 2010
Project("{FAE04EC0-301F-11D3-BF4B-00C04F79EFBC}") = "Assembly-CSharp", "Assembly-CSharp.csproj", "{46ee8b4f-73f7-5515-7137-c5025e7cd9d3}"
EndProject
Project("{FAE04EC0-301F-11D3-BF4B-00C04F79EFBC}") = "Assembly-CSharp-Editor", "Assembly-CSharp-Editor.csproj", "{0580db12-b9a8-9476-cb97-901ed6ee9a6c}"
EndProject
Global
	GlobalSection(SolutionConfigurationPlatforms) = preSolution
		Debug|Any CPU = Debug|Any CPU
	EndGlobalSection
	GlobalSection(ProjectConfigurationPlatforms) = postSolution
		{46ee8b4f-73f7-5515-7137-c5025e7cd9d3}.Debug|Any CPU.ActiveCfg = Debug|Any CPU
		{46ee8b4f-73f7-5515-7137-c5025e7cd9d3}.Debug|Any CPU.Build.0 = Debug|Any CPU
		{0580db12-b9a8-9476-cb97-901ed6ee9a6c}.Debug|Any CPU.ActiveCfg = Debug|Any CPU
		{0580db12-b9a8-9476-cb97-901ed6ee9a6c}.Debug|Any CPU.Build.0 = Debug|Any CPU
	EndGlobalSection
	GlobalSection(SolutionProperties) = preSolution
		HideSolutionNode = FALSE
	EndGlobalSection
EndGlobal
