
Microsoft Visual Studio Solution File, Format Version 11.00
# Visual Studio 2010
Project("{FAE04EC0-301F-11D3-BF4B-00C04F79EFBC}") = "Assembly-CSharp", "Assembly-CSharp.csproj", "{26b67322-fc0e-400d-0e14-9fc298fa5c94}"
EndProject
Project("{FAE04EC0-301F-11D3-BF4B-00C04F79EFBC}") = "Assembly-CSharp-Editor", "Assembly-CSharp-Editor.csproj", "{7a5454bd-d304-e4d4-6621-1f5162506849}"
EndProject
Global
	GlobalSection(SolutionConfigurationPlatforms) = preSolution
		Debug|Any CPU = Debug|Any CPU
	EndGlobalSection
	GlobalSection(ProjectConfigurationPlatforms) = postSolution
		{26b67322-fc0e-400d-0e14-9fc298fa5c94}.Debug|Any CPU.ActiveCfg = Debug|Any CPU
		{26b67322-fc0e-400d-0e14-9fc298fa5c94}.Debug|Any CPU.Build.0 = Debug|Any CPU
		{7a5454bd-d304-e4d4-6621-1f5162506849}.Debug|Any CPU.ActiveCfg = Debug|Any CPU
		{7a5454bd-d304-e4d4-6621-1f5162506849}.Debug|Any CPU.Build.0 = Debug|Any CPU
	EndGlobalSection
	GlobalSection(SolutionProperties) = preSolution
		HideSolutionNode = FALSE
	EndGlobalSection
EndGlobal
