
Microsoft Visual Studio Solution File, Format Version 11.00
# Visual Studio 2010
Project("{FAE04EC0-301F-11D3-BF4B-00C04F79EFBC}") = "Assembly-CSharp", "Assembly-CSharp.csproj", "{aeb340ab-9a6c-e1b1-b01b-22b1e324fc0e}"
EndProject
Project("{FAE04EC0-301F-11D3-BF4B-00C04F79EFBC}") = "Assembly-CSharp-Editor", "Assembly-CSharp-Editor.csproj", "{f55b3a3d-4265-141b-7ce3-c3e92208253d}"
EndProject
Global
	GlobalSection(SolutionConfigurationPlatforms) = preSolution
		Debug|Any CPU = Debug|Any CPU
	EndGlobalSection
	GlobalSection(ProjectConfigurationPlatforms) = postSolution
		{aeb340ab-9a6c-e1b1-b01b-22b1e324fc0e}.Debug|Any CPU.ActiveCfg = Debug|Any CPU
		{aeb340ab-9a6c-e1b1-b01b-22b1e324fc0e}.Debug|Any CPU.Build.0 = Debug|Any CPU
		{f55b3a3d-4265-141b-7ce3-c3e92208253d}.Debug|Any CPU.ActiveCfg = Debug|Any CPU
		{f55b3a3d-4265-141b-7ce3-c3e92208253d}.Debug|Any CPU.Build.0 = Debug|Any CPU
	EndGlobalSection
	GlobalSection(SolutionProperties) = preSolution
		HideSolutionNode = FALSE
	EndGlobalSection
EndGlobal
